PODS:
  - Alamofire (5.6.2)
  - Common7Sdk (0.0.1):
    - Kingfisher
    - MBProgressHUD
    - RxCocoa
    - RxSwift
    - SnapKit
  - HandyJSON (5.0.2)
  - HTTPService7Sdk (0.1.0):
    - HTTPService7Sdk/HTTPService (= 0.1.0)
    - HTTPService7Sdk/RxHTTPService (= 0.1.0)
  - HTTPService7Sdk/HTTPService (0.1.0):
    - HandyJSON
    - Moya
    - RxCocoa
    - RxSwift
  - HTTPService7Sdk/RxHTTPService (0.1.0):
    - Common7Sdk
    - HandyJSON
    - MBProgressHUD
    - Moya/RxSwift
    - RxSwift
    - SSZipArchive
  - Kingfisher (7.4.0)
  - MBProgressHUD (1.2.0)
  - Moya (15.0.0):
    - Moya/Core (= 15.0.0)
  - Moya/Core (15.0.0):
    - Alamofire (~> 5.0)
  - Moya/RxSwift (15.0.0):
    - Moya/Core
    - RxSwift (~> 6.0)
  - RxCocoa (6.5.0):
    - RxRelay (= 6.5.0)
    - RxSwift (= 6.5.0)
  - RxRelay (6.5.0):
    - RxSwift (= 6.5.0)
  - RxSwift (6.5.0)
  - SnapKit (5.6.0)
  - SSZipArchive (2.4.3)

DEPENDENCIES:
  - Common7Sdk (from `../../Common7Sdk/Common7Sdk.podspec`)
  - HTTPService7Sdk (from `../`)

SPEC REPOS:
  trunk:
    - Alamofire
    - HandyJSON
    - Kingfisher
    - MBProgressHUD
    - Moya
    - RxCocoa
    - RxRelay
    - RxSwift
    - SnapKit
    - SSZipArchive

EXTERNAL SOURCES:
  Common7Sdk:
    :path: "../../Common7Sdk/Common7Sdk.podspec"
  HTTPService7Sdk:
    :path: "../"

SPEC CHECKSUMS:
  Alamofire: d368e1ff8a298e6dde360e35a3e68e6c610e7204
  Common7Sdk: a9bb3300d1c35d2e0b50b841f04baf0bb6ac5e60
  HandyJSON: 9e4e236f5d2dbefad5155a77417bbea438201c03
  HTTPService7Sdk: c33a7e462fe11144872c7d3012b46cbf62f4d783
  Kingfisher: 596b207973051aae5e4c54a1c1cb39837ea10d36
  MBProgressHUD: 3ee5efcc380f6a79a7cc9b363dd669c5e1ae7406
  Moya: 138f0573e53411fb3dc17016add0b748dfbd78ee
  RxCocoa: 94f817b71c07517321eb4f9ad299112ca8af743b
  RxRelay: 1de1523e604c72b6c68feadedd1af3b1b4d0ecbd
  RxSwift: 5710a9e6b17f3c3d6e40d6e559b9fa1e813b2ef8
  SnapKit: e01d52ebb8ddbc333eefe2132acf85c8227d9c25
  SSZipArchive: fe6a26b2a54d5a0890f2567b5cc6de5caa600aef

PODFILE CHECKSUM: f517d681cc1c9167dfc64ca5706694369f38adcb

COCOAPODS: 1.11.2
